// !$*UTF8*$!
{
	archiveVersion = 1;
	classes = {
	};
	objectVersion = 77;
	objects = {

/* Begin PBXBuildFile section */
		0F984FDDD69B564E0230A4CB /* CicadaApp.swift in Sources */ = {isa = PBXBuildFile; fileRef = 2B910A3665B4DDA99878FF71 /* CicadaApp.swift */; };
		540311FF630F605EB2D029B6 /* AppColors.swift in Sources */ = {isa = PBXBuildFile; fileRef = 7CBA9673A23B3A3AF4CDB32B /* AppColors.swift */; };
		8FDB0E06C64B71D69AABD4B5 /* PlatformInfo.swift in Sources */ = {isa = PBXBuildFile; fileRef = AB2F0A927788D9B8B22DC854 /* PlatformInfo.swift */; };
		9941AEA5E64BF322A1E85221 /* ServerSetupStore.swift in Sources */ = {isa = PBXBuildFile; fileRef = 36EF13F40A064872555EB02B /* ServerSetupStore.swift */; };
		BA878239D0B590108F8B4AA4 /* ServerRecord.swift in Sources */ = {isa = PBXBuildFile; fileRef = BCE82971270AEBC4A2CEAF2A /* ServerRecord.swift */; };
		C949567AF84958831A724FB9 /* Assets.xcassets in Resources */ = {isa = PBXBuildFile; fileRef = 11DF74913AF882BC9F3654D6 /* Assets.xcassets */; };
		D45A1192D9D8B8471640DC09 /* ServerMetadataClient.swift in Sources */ = {isa = PBXBuildFile; fileRef = 51CB5BD527128393183232E7 /* ServerMetadataClient.swift */; };
		DA49924C26B41DAB98303DB6 /* ContentView.swift in Sources */ = {isa = PBXBuildFile; fileRef = 844DE39A003BD06B5E365B8B /* ContentView.swift */; };
		DAB7FB034762D499332DF78A /* ServerSetupView.swift in Sources */ = {isa = PBXBuildFile; fileRef = C9A15DAAA9D87410AC3E70B9 /* ServerSetupView.swift */; };
/* End PBXBuildFile section */

/* Begin PBXFileReference section */
		11DF74913AF882BC9F3654D6 /* Assets.xcassets */ = {isa = PBXFileReference; lastKnownFileType = folder.assetcatalog; path = Assets.xcassets; sourceTree = "<group>"; };
		2B910A3665B4DDA99878FF71 /* CicadaApp.swift */ = {isa = PBXFileReference; lastKnownFileType = sourcecode.swift; path = CicadaApp.swift; sourceTree = "<group>"; };
		36EF13F40A064872555EB02B /* ServerSetupStore.swift */ = {isa = PBXFileReference; lastKnownFileType = sourcecode.swift; path = ServerSetupStore.swift; sourceTree = "<group>"; };
		51CB5BD527128393183232E7 /* ServerMetadataClient.swift */ = {isa = PBXFileReference; lastKnownFileType = sourcecode.swift; path = ServerMetadataClient.swift; sourceTree = "<group>"; };
		7CBA9673A23B3A3AF4CDB32B /* AppColors.swift */ = {isa = PBXFileReference; lastKnownFileType = sourcecode.swift; path = AppColors.swift; sourceTree = "<group>"; };
		844DE39A003BD06B5E365B8B /* ContentView.swift */ = {isa = PBXFileReference; lastKnownFileType = sourcecode.swift; path = ContentView.swift; sourceTree = "<group>"; };
		9C663FB13EEF5FDD127BC458 /* Cicada.app */ = {isa = PBXFileReference; explicitFileType = wrapper.application; includeInIndex = 0; path = Cicada.app; sourceTree = BUILT_PRODUCTS_DIR; };
		AB2F0A927788D9B8B22DC854 /* PlatformInfo.swift */ = {isa = PBXFileReference; lastKnownFileType = sourcecode.swift; path = PlatformInfo.swift; sourceTree = "<group>"; };
		AC69C6574E7CD3012188A930 /* Info.plist */ = {isa = PBXFileReference; lastKnownFileType = text.plist; path = Info.plist; sourceTree = "<group>"; };
		BCE82971270AEBC4A2CEAF2A /* ServerRecord.swift */ = {isa = PBXFileReference; lastKnownFileType = sourcecode.swift; path = ServerRecord.swift; sourceTree = "<group>"; };
		C9A15DAAA9D87410AC3E70B9 /* ServerSetupView.swift */ = {isa = PBXFileReference; lastKnownFileType = sourcecode.swift; path = ServerSetupView.swift; sourceTree = "<group>"; };
/* End PBXFileReference section */

/* Begin PBXGroup section */
		00D1D5527B4D131DC5FC3825 /* Features */ = {
			isa = PBXGroup;
			children = (
				7FEC245E90F46072ACAF8FDA /* ServerSetup */,
			);
			path = Features;
			sourceTree = "<group>";
		};
		15ECD16330D6D168583775E6 /* Products */ = {
			isa = PBXGroup;
			children = (
				9C663FB13EEF5FDD127BC458 /* Cicada.app */,
			);
			name = Products;
			sourceTree = "<group>";
		};
		278F84A51E18DDAF379C696D /* Services */ = {
			isa = PBXGroup;
			children = (
				51CB5BD527128393183232E7 /* ServerMetadataClient.swift */,
			);
			path = Services;
			sourceTree = "<group>";
		};
		57FBA0E7E939B674E1E61726 /* Cicada */ = {
			isa = PBXGroup;
			children = (
				11DF74913AF882BC9F3654D6 /* Assets.xcassets */,
				AC69C6574E7CD3012188A930 /* Info.plist */,
				5EC1E076E2C5CDA3244BDD54 /* App */,
				00D1D5527B4D131DC5FC3825 /* Features */,
				67D9BE56502E37BEA9237F97 /* Models */,
				278F84A51E18DDAF379C696D /* Services */,
				D34B57D98321BA8178A5C181 /* Support */,
				DF9BA1D17F3BB6AADE450965 /* Views */,
			);
			path = Cicada;
			sourceTree = "<group>";
		};
		5EC1E076E2C5CDA3244BDD54 /* App */ = {
			isa = PBXGroup;
			children = (
				2B910A3665B4DDA99878FF71 /* CicadaApp.swift */,
			);
			path = App;
			sourceTree = "<group>";
		};
		67D9BE56502E37BEA9237F97 /* Models */ = {
			isa = PBXGroup;
			children = (
				BCE82971270AEBC4A2CEAF2A /* ServerRecord.swift */,
			);
			path = Models;
			sourceTree = "<group>";
		};
		7FEC245E90F46072ACAF8FDA /* ServerSetup */ = {
			isa = PBXGroup;
			children = (
				36EF13F40A064872555EB02B /* ServerSetupStore.swift */,
				C9A15DAAA9D87410AC3E70B9 /* ServerSetupView.swift */,
			);
			path = ServerSetup;
			sourceTree = "<group>";
		};
		BDE7D3869486DF739938B1BE = {
			isa = PBXGroup;
			children = (
				57FBA0E7E939B674E1E61726 /* Cicada */,
				15ECD16330D6D168583775E6 /* Products */,
			);
			sourceTree = "<group>";
		};
		D34B57D98321BA8178A5C181 /* Support */ = {
			isa = PBXGroup;
			children = (
				7CBA9673A23B3A3AF4CDB32B /* AppColors.swift */,
				AB2F0A927788D9B8B22DC854 /* PlatformInfo.swift */,
			);
			path = Support;
			sourceTree = "<group>";
		};
		DF9BA1D17F3BB6AADE450965 /* Views */ = {
			isa = PBXGroup;
			children = (
				844DE39A003BD06B5E365B8B /* ContentView.swift */,
			);
			path = Views;
			sourceTree = "<group>";
		};
/* End PBXGroup section */

/* Begin PBXNativeTarget section */
		124777041E4254679B8F1E36 /* Cicada */ = {
			isa = PBXNativeTarget;
			buildConfigurationList = 1EB0075F985E6F4A0505539B /* Build configuration list for PBXNativeTarget "Cicada" */;
			buildPhases = (
				4FDB8193BFC408D145666020 /* Sources */,
				617D4FF4DE7DB7A400E78EDB /* Resources */,
			);
			buildRules = (
			);
			dependencies = (
			);
			name = Cicada;
			packageProductDependencies = (
			);
			productName = Cicada;
			productReference = 9C663FB13EEF5FDD127BC458 /* Cicada.app */;
			productType = "com.apple.product-type.application";
		};
/* End PBXNativeTarget section */

/* Begin PBXProject section */
		14800BBF7013A048425A1E92 /* Project object */ = {
			isa = PBXProject;
			attributes = {
				BuildIndependentTargetsInParallel = YES;
				LastUpgradeCheck = 1430;
				TargetAttributes = {
					124777041E4254679B8F1E36 = {
						ProvisioningStyle = Automatic;
					};
				};
			};
			buildConfigurationList = 6D4CEC91F8F3195FAA393E5F /* Build configuration list for PBXProject "Cicada" */;
			developmentRegion = en;
			hasScannedForEncodings = 0;
			knownRegions = (
				Base,
				en,
			);
			mainGroup = BDE7D3869486DF739938B1BE;
			minimizedProjectReferenceProxies = 1;
			preferredProjectObjectVersion = 77;
			productRefGroup = 15ECD16330D6D168583775E6 /* Products */;
			projectDirPath = "";
			projectRoot = "";
			targets = (
				124777041E4254679B8F1E36 /* Cicada */,
			);
		};
/* End PBXProject section */

/* Begin PBXResourcesBuildPhase section */
		617D4FF4DE7DB7A400E78EDB /* Resources */ = {
			isa = PBXResourcesBuildPhase;
			buildActionMask = 2147483647;
			files = (
				C949567AF84958831A724FB9 /* Assets.xcassets in Resources */,
			);
			runOnlyForDeploymentPostprocessing = 0;
		};
/* End PBXResourcesBuildPhase section */

/* Begin PBXSourcesBuildPhase section */
		4FDB8193BFC408D145666020 /* Sources */ = {
			isa = PBXSourcesBuildPhase;
			buildActionMask = 2147483647;
			files = (
				540311FF630F605EB2D029B6 /* AppColors.swift in Sources */,
				0F984FDDD69B564E0230A4CB /* CicadaApp.swift in Sources */,
				DA49924C26B41DAB98303DB6 /* ContentView.swift in Sources */,
				8FDB0E06C64B71D69AABD4B5 /* PlatformInfo.swift in Sources */,
				D45A1192D9D8B8471640DC09 /* ServerMetadataClient.swift in Sources */,
				BA878239D0B590108F8B4AA4 /* ServerRecord.swift in Sources */,
				9941AEA5E64BF322A1E85221 /* ServerSetupStore.swift in Sources */,
				DAB7FB034762D499332DF78A /* ServerSetupView.swift in Sources */,
			);
			runOnlyForDeploymentPostprocessing = 0;
		};
/* End PBXSourcesBuildPhase section */

/* Begin XCBuildConfiguration section */
		346532BEFD397AE80A237650 /* Release */ = {
			isa = XCBuildConfiguration;
			buildSettings = {
				ASSETCATALOG_COMPILER_APPICON_NAME = AppIcon;
				ASSETCATALOG_COMPILER_GLOBAL_ACCENT_COLOR_NAME = AccentColor;
				CODE_SIGN_IDENTITY = "iPhone Developer";
				CODE_SIGN_STYLE = Automatic;
				DEVELOPMENT_TEAM = GCDGT9G53T;
				ENABLE_PREVIEWS = YES;
				GENERATE_INFOPLIST_FILE = NO;
				INFOPLIST_FILE = Cicada/Info.plist;
				LD_RUNPATH_SEARCH_PATHS = (
					"$(inherited)",
					"@executable_path/Frameworks",
				);
				"LD_RUNPATH_SEARCH_PATHS[sdk=macosx*]" = (
					"$(inherited)",
					"@executable_path/../Frameworks",
				);
				PRODUCT_BUNDLE_IDENTIFIER = io.github.manyone.cicada.apple;
				PRODUCT_NAME = Cicada;
				SDKROOT = auto;
				SUPPORTED_PLATFORMS = "iphoneos iphonesimulator macosx";
				SUPPORTS_MACCATALYST = NO;
				SUPPORTS_MAC_DESIGNED_FOR_IPHONE_IPAD = NO;
				SUPPORTS_XR_DESIGNED_FOR_IPHONE_IPAD = YES;
				SWIFT_VERSION = 6.0;
				TARGETED_DEVICE_FAMILY = "1,2";
			};
			name = Release;
		};
		4896A955FB9B7A1D8D348FFB /* Debug */ = {
			isa = XCBuildConfiguration;
			buildSettings = {
				ASSETCATALOG_COMPILER_APPICON_NAME = AppIcon;
				ASSETCATALOG_COMPILER_GLOBAL_ACCENT_COLOR_NAME = AccentColor;
				CODE_SIGN_IDENTITY = "iPhone Developer";
				CODE_SIGN_STYLE = Automatic;
				DEVELOPMENT_TEAM = GCDGT9G53T;
				ENABLE_PREVIEWS = YES;
				GENERATE_INFOPLIST_FILE = NO;
				INFOPLIST_FILE = Cicada/Info.plist;
				LD_RUNPATH_SEARCH_PATHS = (
					"$(inherited)",
					"@executable_path/Frameworks",
				);
				"LD_RUNPATH_SEARCH_PATHS[sdk=macosx*]" = (
					"$(inherited)",
					"@executable_path/../Frameworks",
				);
				PRODUCT_BUNDLE_IDENTIFIER = io.github.manyone.cicada.apple;
				PRODUCT_NAME = Cicada;
				SDKROOT = auto;
				SUPPORTED_PLATFORMS = "iphoneos iphonesimulator macosx";
				SUPPORTS_MACCATALYST = NO;
				SUPPORTS_MAC_DESIGNED_FOR_IPHONE_IPAD = NO;
				SUPPORTS_XR_DESIGNED_FOR_IPHONE_IPAD = YES;
				SWIFT_VERSION = 6.0;
				TARGETED_DEVICE_FAMILY = "1,2";
			};
			name = Debug;
		};
		77F58339CAA6A99337CD5B4B /* Debug */ = {
			isa = XCBuildConfiguration;
			buildSettings = {
				ALWAYS_SEARCH_USER_PATHS = NO;
				CLANG_ANALYZER_NONNULL = YES;
				CLANG_ANALYZER_NUMBER_OBJECT_CONVERSION = YES_AGGRESSIVE;
				CLANG_CXX_LANGUAGE_STANDARD = "gnu++14";
				CLANG_CXX_LIBRARY = "libc++";
				CLANG_ENABLE_MODULES = YES;
				CLANG_ENABLE_OBJC_ARC = YES;
				CLANG_ENABLE_OBJC_WEAK = YES;
				CLANG_WARN_BLOCK_CAPTURE_AUTORELEASING = YES;
				CLANG_WARN_BOOL_CONVERSION = YES;
				CLANG_WARN_COMMA = YES;
				CLANG_WARN_CONSTANT_CONVERSION = YES;
				CLANG_WARN_DEPRECATED_OBJC_IMPLEMENTATIONS = YES;
				CLANG_WARN_DIRECT_OBJC_ISA_USAGE = YES_ERROR;
				CLANG_WARN_DOCUMENTATION_COMMENTS = YES;
				CLANG_WARN_EMPTY_BODY = YES;
				CLANG_WARN_ENUM_CONVERSION = YES;
				CLANG_WARN_INFINITE_RECURSION = YES;
				CLANG_WARN_INT_CONVERSION = YES;
				CLANG_WARN_NON_LITERAL_NULL_CONVERSION = YES;
				CLANG_WARN_OBJC_IMPLICIT_RETAIN_SELF = YES;
				CLANG_WARN_OBJC_LITERAL_CONVERSION = YES;
				CLANG_WARN_OBJC_ROOT_CLASS = YES_ERROR;
				CLANG_WARN_QUOTED_INCLUDE_IN_FRAMEWORK_HEADER = YES;
				CLANG_WARN_RANGE_LOOP_ANALYSIS = YES;
				CLANG_WARN_STRICT_PROTOTYPES = YES;
				CLANG_WARN_SUSPICIOUS_MOVE = YES;
				CLANG_WARN_UNGUARDED_AVAILABILITY = YES_AGGRESSIVE;
				CLANG_WARN_UNREACHABLE_CODE = YES;
				CLANG_WARN__DUPLICATE_METHOD_MATCH = YES;
				COPY_PHASE_STRIP = NO;
				CURRENT_PROJECT_VERSION = 1;
				DEBUG_INFORMATION_FORMAT = dwarf;
				ENABLE_STRICT_OBJC_MSGSEND = YES;
				ENABLE_TESTABILITY = YES;
				GCC_C_LANGUAGE_STANDARD = gnu11;
				GCC_DYNAMIC_NO_PIC = NO;
				GCC_NO_COMMON_BLOCKS = YES;
				GCC_OPTIMIZATION_LEVEL = 0;
				GCC_PREPROCESSOR_DEFINITIONS = (
					"$(inherited)",
					"DEBUG=1",
				);
				GCC_WARN_64_TO_32_BIT_CONVERSION = YES;
				GCC_WARN_ABOUT_RETURN_TYPE = YES_ERROR;
				GCC_WARN_UNDECLARED_SELECTOR = YES;
				GCC_WARN_UNINITIALIZED_AUTOS = YES_AGGRESSIVE;
				GCC_WARN_UNUSED_FUNCTION = YES;
				GCC_WARN_UNUSED_VARIABLE = YES;
				IPHONEOS_DEPLOYMENT_TARGET = 17.0;
				MACOSX_DEPLOYMENT_TARGET = 14.0;
				MARKETING_VERSION = 0.1.0;
				MTL_ENABLE_DEBUG_INFO = INCLUDE_SOURCE;
				MTL_FAST_MATH = YES;
				ONLY_ACTIVE_ARCH = YES;
				PRODUCT_NAME = "$(TARGET_NAME)";
				SDKROOT = auto;
				SWIFT_ACTIVE_COMPILATION_CONDITIONS = DEBUG;
				SWIFT_OPTIMIZATION_LEVEL = "-Onone";
				SWIFT_VERSION = 5.0;
			};
			name = Debug;
		};
		9CF469A5DB27A108769F2DE1 /* Release */ = {
			isa = XCBuildConfiguration;
			buildSettings = {
				ALWAYS_SEARCH_USER_PATHS = NO;
				CLANG_ANALYZER_NONNULL = YES;
				CLANG_ANALYZER_NUMBER_OBJECT_CONVERSION = YES_AGGRESSIVE;
				CLANG_CXX_LANGUAGE_STANDARD = "gnu++14";
				CLANG_CXX_LIBRARY = "libc++";
				CLANG_ENABLE_MODULES = YES;
				CLANG_ENABLE_OBJC_ARC = YES;
				CLANG_ENABLE_OBJC_WEAK = YES;
				CLANG_WARN_BLOCK_CAPTURE_AUTORELEASING = YES;
				CLANG_WARN_BOOL_CONVERSION = YES;
				CLANG_WARN_COMMA = YES;
				CLANG_WARN_CONSTANT_CONVERSION = YES;
				CLANG_WARN_DEPRECATED_OBJC_IMPLEMENTATIONS = YES;
				CLANG_WARN_DIRECT_OBJC_ISA_USAGE = YES_ERROR;
				CLANG_WARN_DOCUMENTATION_COMMENTS = YES;
				CLANG_WARN_EMPTY_BODY = YES;
				CLANG_WARN_ENUM_CONVERSION = YES;
				CLANG_WARN_INFINITE_RECURSION = YES;
				CLANG_WARN_INT_CONVERSION = YES;
				CLANG_WARN_NON_LITERAL_NULL_CONVERSION = YES;
				CLANG_WARN_OBJC_IMPLICIT_RETAIN_SELF = YES;
				CLANG_WARN_OBJC_LITERAL_CONVERSION = YES;
				CLANG_WARN_OBJC_ROOT_CLASS = YES_ERROR;
				CLANG_WARN_QUOTED_INCLUDE_IN_FRAMEWORK_HEADER = YES;
				CLANG_WARN_RANGE_LOOP_ANALYSIS = YES;
				CLANG_WARN_STRICT_PROTOTYPES = YES;
				CLANG_WARN_SUSPICIOUS_MOVE = YES;
				CLANG_WARN_UNGUARDED_AVAILABILITY = YES_AGGRESSIVE;
				CLANG_WARN_UNREACHABLE_CODE = YES;
				CLANG_WARN__DUPLICATE_METHOD_MATCH = YES;
				COPY_PHASE_STRIP = NO;
				CURRENT_PROJECT_VERSION = 1;
				DEBUG_INFORMATION_FORMAT = "dwarf-with-dsym";
				ENABLE_NS_ASSERTIONS = NO;
				ENABLE_STRICT_OBJC_MSGSEND = YES;
				GCC_C_LANGUAGE_STANDARD = gnu11;
				GCC_NO_COMMON_BLOCKS = YES;
				GCC_WARN_64_TO_32_BIT_CONVERSION = YES;
				GCC_WARN_ABOUT_RETURN_TYPE = YES_ERROR;
				GCC_WARN_UNDECLARED_SELECTOR = YES;
				GCC_WARN_UNINITIALIZED_AUTOS = YES_AGGRESSIVE;
				GCC_WARN_UNUSED_FUNCTION = YES;
				GCC_WARN_UNUSED_VARIABLE = YES;
				IPHONEOS_DEPLOYMENT_TARGET = 17.0;
				MACOSX_DEPLOYMENT_TARGET = 14.0;
				MARKETING_VERSION = 0.1.0;
				MTL_ENABLE_DEBUG_INFO = NO;
				MTL_FAST_MATH = YES;
				PRODUCT_NAME = "$(TARGET_NAME)";
				SDKROOT = auto;
				SWIFT_COMPILATION_MODE = wholemodule;
				SWIFT_OPTIMIZATION_LEVEL = "-O";
				SWIFT_VERSION = 5.0;
			};
			name = Release;
		};
/* End XCBuildConfiguration section */

/* Begin XCConfigurationList section */
		1EB0075F985E6F4A0505539B /* Build configuration list for PBXNativeTarget "Cicada" */ = {
			isa = XCConfigurationList;
			buildConfigurations = (
				4896A955FB9B7A1D8D348FFB /* Debug */,
				346532BEFD397AE80A237650 /* Release */,
			);
			defaultConfigurationIsVisible = 0;
			defaultConfigurationName = Debug;
		};
		6D4CEC91F8F3195FAA393E5F /* Build configuration list for PBXProject "Cicada" */ = {
			isa = XCConfigurationList;
			buildConfigurations = (
				77F58339CAA6A99337CD5B4B /* Debug */,
				9CF469A5DB27A108769F2DE1 /* Release */,
			);
			defaultConfigurationIsVisible = 0;
			defaultConfigurationName = Debug;
		};
/* End XCConfigurationList section */
	};
	rootObject = 14800BBF7013A048425A1E92 /* Project object */;
}
